
Microsoft Visual Studio Solution File, Format Version 12.00
# Visual Studio Version 16
VisualStudioVersion = 16.0.32106.194
MinimumVisualStudioVersion = 10.0.40219.1
Project("{9A19103F-16F7-4668-BE54-9A1E7A4F7556}") = "my-book", "my-book\my-book.csproj", "{632293F1-666E-4ED1-B0A2-8618C57302E3}"
EndProject
Project("{FAE04EC0-301F-11D3-BF4B-00C04F79EFBC}") = "my-books-tests", "my-books-tests\my-books-tests.csproj", "{42F6C3FC-14E8-4551-AEDD-9569FCD4F42D}"
EndProject
Global
	GlobalSection(SolutionConfigurationPlatforms) = preSolution
		Debug|Any CPU = Debug|Any CPU
		Release|Any CPU = Release|Any CPU
	EndGlobalSection
	GlobalSection(ProjectConfigurationPlatforms) = postSolution
		{632293F1-666E-4ED1-B0A2-8618C57302E3}.Debug|Any CPU.ActiveCfg = Debug|Any CPU
		{632293F1-666E-4ED1-B0A2-8618C57302E3}.Debug|Any CPU.Build.0 = Debug|Any CPU
		{632293F1-666E-4ED1-B0A2-8618C57302E3}.Release|Any CPU.ActiveCfg = Release|Any CPU
		{632293F1-666E-4ED1-B0A2-8618C57302E3}.Release|Any CPU.Build.0 = Release|Any CPU
		{42F6C3FC-14E8-4551-AEDD-9569FCD4F42D}.Debug|Any CPU.ActiveCfg = Debug|Any CPU
		{42F6C3FC-14E8-4551-AEDD-9569FCD4F42D}.Debug|Any CPU.Build.0 = Debug|Any CPU
		{42F6C3FC-14E8-4551-AEDD-9569FCD4F42D}.Release|Any CPU.ActiveCfg = Release|Any CPU
		{42F6C3FC-14E8-4551-AEDD-9569FCD4F42D}.Release|Any CPU.Build.0 = Release|Any CPU
	EndGlobalSection
	GlobalSection(SolutionProperties) = preSolution
		HideSolutionNode = FALSE
	EndGlobalSection
	GlobalSection(ExtensibilityGlobals) = postSolution
		SolutionGuid = {32BC006B-112E-4063-A18E-90E8D1E19F6A}
	EndGlobalSection
EndGlobal
